
Microsoft Visual Studio Solution File, Format Version 12.00
# Visual Studio 2012
Project("{FAE04EC0-301F-11D3-BF4B-00C04F79EFBC}") = "ChaosTest", "ChaosTest\ChaosTest.csproj", "{DAA5C42B-2C59-4B74-9DEC-F9E209D6BEDF}"
EndProject
Global
	GlobalSection(SolutionConfigurationPlatforms) = preSolution
		Debug|Any CPU = Debug|Any CPU
		Release|Any CPU = Release|Any CPU
	EndGlobalSection
	GlobalSection(ProjectConfigurationPlatforms) = postSolution
		{DAA5C42B-2C59-4B74-9DEC-F9E209D6BEDF}.Debug|Any CPU.ActiveCfg = Debug|Any CPU
		{DAA5C42B-2C59-4B74-9DEC-F9E209D6BEDF}.Debug|Any CPU.Build.0 = Debug|Any CPU
		{DAA5C42B-2C59-4B74-9DEC-F9E209D6BEDF}.Release|Any CPU.ActiveCfg = Release|Any CPU
		{DAA5C42B-2C59-4B74-9DEC-F9E209D6BEDF}.Release|Any CPU.Build.0 = Release|Any CPU
	EndGlobalSection
	GlobalSection(SolutionProperties) = preSolution
		HideSolutionNode = FALSE
	EndGlobalSection
EndGlobal
